// !$*UTF8*$!
{
	archiveVersion = 1;
	classes = {
	};
	objectVersion = 50;
	objects = {

/* Begin PBXBuildFile section */
		84B5509A26D5468C00F90E95 /* AppDelegate.swift in Sources */ = {isa = PBXBuildFile; fileRef = 84B5509926D5468C00F90E95 /* AppDelegate.swift */; };
		84B5509C26D5468C00F90E95 /* SceneDelegate.swift in Sources */ = {isa = PBXBuildFile; fileRef = 84B5509B26D5468C00F90E95 /* SceneDelegate.swift */; };
		84B5509E26D5468C00F90E95 /* ViewController.swift in Sources */ = {isa = PBXBuildFile; fileRef = 84B5509D26D5468C00F90E95 /* ViewController.swift */; };
		84B550A126D5468C00F90E95 /* Main.storyboard in Resources */ = {isa = PBXBuildFile; fileRef = 84B5509F26D5468C00F90E95 /* Main.storyboard */; };
		84B550A326D546BA00F90E95 /* Assets.xcassets in Resources */ = {isa = PBXBuildFile; fileRef = 84B550A226D546BA00F90E95 /* Assets.xcassets */; };
		84B550A626D546BA00F90E95 /* LaunchScreen.storyboard in Resources */ = {isa = PBXBuildFile; fileRef = 84B550A426D546BA00F90E95 /* LaunchScreen.storyboard */; };
/* End PBXBuildFile section */

/* Begin PBXFileReference section */
		84B5509626D5468C00F90E95 /* StudyCollectionViewsOldWay.app */ = {isa = PBXFileReference; explicitFileType = wrapper.application; includeInIndex = 0; path = StudyCollectionViewsOldWay.app; sourceTree = BUILT_PRODUCTS_DIR; };
		84B5509926D5468C00F90E95 /* AppDelegate.swift */ = {isa = PBXFileReference; lastKnownFileType = sourcecode.swift; path = AppDelegate.swift; sourceTree = "<group>"; };
		84B5509B26D5468C00F90E95 /* SceneDelegate.swift */ = {isa = PBXFileReference; lastKnownFileType = sourcecode.swift; path = SceneDelegate.swift; sourceTree = "<group>"; };
		84B5509D26D5468C00F90E95 /* ViewController.swift */ = {isa = PBXFileReference; lastKnownFileType = sourcecode.swift; path = ViewController.swift; sourceTree = "<group>"; };
		84B550A026D5468C00F90E95 /* Base */ = {isa = PBXFileReference; lastKnownFileType = file.storyboard; name = Base; path = Base.lproj/Main.storyboard; sourceTree = "<group>"; };
		84B550A226D546BA00F90E95 /* Assets.xcassets */ = {isa = PBXFileReference; lastKnownFileType = folder.assetcatalog; path = Assets.xcassets; sourceTree = "<group>"; };
		84B550A526D546BA00F90E95 /* Base */ = {isa = PBXFileReference; lastKnownFileType = file.storyboard; name = Base; path = Base.lproj/LaunchScreen.storyboard; sourceTree = "<group>"; };
		84B550A726D546BA00F90E95 /* Info.plist */ = {isa = PBXFileReference; lastKnownFileType = text.plist.xml; path = Info.plist; sourceTree = "<group>"; };
/* End PBXFileReference section */

/* Begin PBXFrameworksBuildPhase section */
		84B5509326D5468C00F90E95 /* Frameworks */ = {
			isa = PBXFrameworksBuildPhase;
			buildActionMask = 2147483647;
			files = (
			);
			runOnlyForDeploymentPostprocessing = 0;
		};
/* End PBXFrameworksBuildPhase section */

/* Begin PBXGroup section */
		84B5508D26D5468C00F90E95 = {
			isa = PBXGroup;
			children = (
				84B5509826D5468C00F90E95 /* StudyCollectionViewsOldWay */,
				84B5509726D5468C00F90E95 /* Products */,
			);
			sourceTree = "<group>";
		};
		84B5509726D5468C00F90E95 /* Products */ = {
			isa = PBXGroup;
			children = (
				84B5509626D5468C00F90E95 /* StudyCollectionViewsOldWay.app */,
			);
			name = Products;
			sourceTree = "<group>";
		};
		84B5509826D5468C00F90E95 /* StudyCollectionViewsOldWay */ = {
			isa = PBXGroup;
			children = (
				84B5509926D5468C00F90E95 /* AppDelegate.swift */,
				84B5509B26D5468C00F90E95 /* SceneDelegate.swift */,
				84B5509D26D5468C00F90E95 /* ViewController.swift */,
				84B5509F26D5468C00F90E95 /* Main.storyboard */,
				84B550A226D546BA00F90E95 /* Assets.xcassets */,
				84B550A426D546BA00F90E95 /* LaunchScreen.storyboard */,
				84B550A726D546BA00F90E95 /* Info.plist */,
			);
			path = StudyCollectionViewsOldWay;
			sourceTree = "<group>";
		};
/* End PBXGroup section */

/* Begin PBXNativeTarget section */
		84B5509526D5468C00F90E95 /* StudyCollectionViewsOldWay */ = {
			isa = PBXNativeTarget;
			buildConfigurationList = 84B550AA26D546BA00F90E95 /* Build configuration list for PBXNativeTarget "StudyCollectionViewsOldWay" */;
			buildPhases = (
				84B5509226D5468C00F90E95 /* Sources */,
				84B5509326D5468C00F90E95 /* Frameworks */,
				84B5509426D5468C00F90E95 /* Resources */,
			);
			buildRules = (
			);
			dependencies = (
			);
			name = StudyCollectionViewsOldWay;
			productName = StudyCollectionViewsOldWay;
			productReference = 84B5509626D5468C00F90E95 /* StudyCollectionViewsOldWay.app */;
			productType = "com.apple.product-type.application";
		};
/* End PBXNativeTarget section */

/* Begin PBXProject section */
		84B5508E26D5468C00F90E95 /* Project object */ = {
			isa = PBXProject;
			attributes = {
				LastSwiftUpdateCheck = 1250;
				LastUpgradeCheck = 1250;
				TargetAttributes = {
					84B5509526D5468C00F90E95 = {
						CreatedOnToolsVersion = 12.5.1;
					};
				};
			};
			buildConfigurationList = 84B5509126D5468C00F90E95 /* Build configuration list for PBXProject "StudyCollectionViewsOldWay" */;
			compatibilityVersion = "Xcode 9.3";
			developmentRegion = en;
			hasScannedForEncodings = 0;
			knownRegions = (
				en,
				Base,
			);
			mainGroup = 84B5508D26D5468C00F90E95;
			productRefGroup = 84B5509726D5468C00F90E95 /* Products */;
			projectDirPath = "";
			projectRoot = "";
			targets = (
				84B5509526D5468C00F90E95 /* StudyCollectionViewsOldWay */,
			);
		};
/* End PBXProject section */

/* Begin PBXResourcesBuildPhase section */
		84B5509426D5468C00F90E95 /* Resources */ = {
			isa = PBXResourcesBuildPhase;
			buildActionMask = 2147483647;
			files = (
				84B550A626D546BA00F90E95 /* LaunchScreen.storyboard in Resources */,
				84B550A326D546BA00F90E95 /* Assets.xcassets in Resources */,
				84B550A126D5468C00F90E95 /* Main.storyboard in Resources */,
			);
			runOnlyForDeploymentPostprocessing = 0;
		};
/* End PBXResourcesBuildPhase section */

/* Begin PBXSourcesBuildPhase section */
		84B5509226D5468C00F90E95 /* Sources */ = {
			isa = PBXSourcesBuildPhase;
			buildActionMask = 2147483647;
			files = (
				84B5509E26D5468C00F90E95 /* ViewController.swift in Sources */,
				84B5509A26D5468C00F90E95 /* AppDelegate.swift in Sources */,
				84B5509C26D5468C00F90E95 /* SceneDelegate.swift in Sources */,
			);
			runOnlyForDeploymentPostprocessing = 0;
		};
/* End PBXSourcesBuildPhase section */

/* Begin PBXVariantGroup section */
		84B5509F26D5468C00F90E95 /* Main.storyboard */ = {
			isa = PBXVariantGroup;
			children = (
				84B550A026D5468C00F90E95 /* Base */,
			);
			name = Main.storyboard;
			sourceTree = "<group>";
		};
		84B550A426D546BA00F90E95 /* LaunchScreen.storyboard */ = {
			isa = PBXVariantGroup;
			children = (
				84B550A526D546BA00F90E95 /* Base */,
			);
			name = LaunchScreen.storyboard;
			sourceTree = "<group>";
		};
/* End PBXVariantGroup section */

/* Begin XCBuildConfiguration section */
		84B550A826D546BA00F90E95 /* Debug */ = {
			isa = XCBuildConfiguration;
			buildSettings = {
				ALWAYS_SEARCH_USER_PATHS = NO;
				CLANG_ANALYZER_NONNULL = YES;
				CLANG_ANALYZER_NUMBER_OBJECT_CONVERSION = YES_AGGRESSIVE;
				CLANG_CXX_LANGUAGE_STANDARD = "gnu++14";
				CLANG_CXX_LIBRARY = "libc++";
				CLANG_ENABLE_MODULES = YES;
				CLANG_ENABLE_OBJC_ARC = YES;
				CLANG_ENABLE_OBJC_WEAK = YES;
				CLANG_WARN_BLOCK_CAPTURE_AUTORELEASING = YES;
				CLANG_WARN_BOOL_CONVERSION = YES;
				CLANG_WARN_COMMA = YES;
				CLANG_WARN_CONSTANT_CONVERSION = YES;
				CLANG_WARN_DEPRECATED_OBJC_IMPLEMENTATIONS = YES;
				CLANG_WARN_DIRECT_OBJC_ISA_USAGE = YES_ERROR;
				CLANG_WARN_DOCUMENTATION_COMMENTS = YES;
				CLANG_WARN_EMPTY_BODY = YES;
				CLANG_WARN_ENUM_CONVERSION = YES;
				CLANG_WARN_INFINITE_RECURSION = YES;
				CLANG_WARN_INT_CONVERSION = YES;
				CLANG_WARN_NON_LITERAL_NULL_CONVERSION = YES;
				CLANG_WARN_OBJC_IMPLICIT_RETAIN_SELF = YES;
				CLANG_WARN_OBJC_LITERAL_CONVERSION = YES;
				CLANG_WARN_OBJC_ROOT_CLASS = YES_ERROR;
				CLANG_WARN_QUOTED_INCLUDE_IN_FRAMEWORK_HEADER = YES;
				CLANG_WARN_RANGE_LOOP_ANALYSIS = YES;
				CLANG_WARN_STRICT_PROTOTYPES = YES;
				CLANG_WARN_SUSPICIOUS_MOVE = YES;
				CLANG_WARN_UNGUARDED_AVAILABILITY = YES_AGGRESSIVE;
				CLANG_WARN_UNREACHABLE_CODE = YES;
				CLANG_WARN__DUPLICATE_METHOD_MATCH = YES;
				COPY_PHASE_STRIP = NO;
				DEBUG_INFORMATION_FORMAT = dwarf;
				ENABLE_STRICT_OBJC_MSGSEND = YES;
				ENABLE_TESTABILITY = YES;
				GCC_C_LANGUAGE_STANDARD = gnu11;
				GCC_DYNAMIC_NO_PIC = NO;
				GCC_NO_COMMON_BLOCKS = YES;
				GCC_OPTIMIZATION_LEVEL = 0;
				GCC_PREPROCESSOR_DEFINITIONS = (
					"DEBUG=1",
					"$(inherited)",
				);
				GCC_WARN_64_TO_32_BIT_CONVERSION = YES;
				GCC_WARN_ABOUT_RETURN_TYPE = YES_ERROR;
				GCC_WARN_UNDECLARED_SELECTOR = YES;
				GCC_WARN_UNINITIALIZED_AUTOS = YES_AGGRESSIVE;
				GCC_WARN_UNUSED_FUNCTION = YES;
				GCC_WARN_UNUSED_VARIABLE = YES;
				IPHONEOS_DEPLOYMENT_TARGET = 14.5;
				MTL_ENABLE_DEBUG_INFO = INCLUDE_SOURCE;
				MTL_FAST_MATH = YES;
				ONLY_ACTIVE_ARCH = YES;
				SDKROOT = iphoneos;
				SWIFT_ACTIVE_COMPILATION_CONDITIONS = DEBUG;
				SWIFT_OPTIMIZATION_LEVEL = "-Onone";
			};
			name = Debug;
		};
		84B550A926D546BA00F90E95 /* Release */ = {
			isa = XCBuildConfiguration;
			buildSettings = {
				ALWAYS_SEARCH_USER_PATHS = NO;
				CLANG_ANALYZER_NONNULL = YES;
				CLANG_ANALYZER_NUMBER_OBJECT_CONVERSION = YES_AGGRESSIVE;
				CLANG_CXX_LANGUAGE_STANDARD = "gnu++14";
				CLANG_CXX_LIBRARY = "libc++";
				CLANG_ENABLE_MODULES = YES;
				CLANG_ENABLE_OBJC_ARC = YES;
				CLANG_ENABLE_OBJC_WEAK = YES;
				CLANG_WARN_BLOCK_CAPTURE_AUTORELEASING = YES;
				CLANG_WARN_BOOL_CONVERSION = YES;
				CLANG_WARN_COMMA = YES;
				CLANG_WARN_CONSTANT_CONVERSION = YES;
				CLANG_WARN_DEPRECATED_OBJC_IMPLEMENTATIONS = YES;
				CLANG_WARN_DIRECT_OBJC_ISA_USAGE = YES_ERROR;
				CLANG_WARN_DOCUMENTATION_COMMENTS = YES;
				CLANG_WARN_EMPTY_BODY = YES;
				CLANG_WARN_ENUM_CONVERSION = YES;
				CLANG_WARN_INFINITE_RECURSION = YES;
				CLANG_WARN_INT_CONVERSION = YES;
				CLANG_WARN_NON_LITERAL_NULL_CONVERSION = YES;
				CLANG_WARN_OBJC_IMPLICIT_RETAIN_SELF = YES;
				CLANG_WARN_OBJC_LITERAL_CONVERSION = YES;
				CLANG_WARN_OBJC_ROOT_CLASS = YES_ERROR;
				CLANG_WARN_QUOTED_INCLUDE_IN_FRAMEWORK_HEADER = YES;
				CLANG_WARN_RANGE_LOOP_ANALYSIS = YES;
				CLANG_WARN_STRICT_PROTOTYPES = YES;
				CLANG_WARN_SUSPICIOUS_MOVE = YES;
				CLANG_WARN_UNGUARDED_AVAILABILITY = YES_AGGRESSIVE;
				CLANG_WARN_UNREACHABLE_CODE = YES;
				CLANG_WARN__DUPLICATE_METHOD_MATCH = YES;
				COPY_PHASE_STRIP = NO;
				DEBUG_INFORMATION_FORMAT = "dwarf-with-dsym";
				ENABLE_NS_ASSERTIONS = NO;
				ENABLE_STRICT_OBJC_MSGSEND = YES;
				GCC_C_LANGUAGE_STANDARD = gnu11;
				GCC_NO_COMMON_BLOCKS = YES;
				GCC_WARN_64_TO_32_BIT_CONVERSION = YES;
				GCC_WARN_ABOUT_RETURN_TYPE = YES_ERROR;
				GCC_WARN_UNDECLARED_SELECTOR = YES;
				GCC_WARN_UNINITIALIZED_AUTOS = YES_AGGRESSIVE;
				GCC_WARN_UNUSED_FUNCTION = YES;
				GCC_WARN_UNUSED_VARIABLE = YES;
				IPHONEOS_DEPLOYMENT_TARGET = 14.5;
				MTL_ENABLE_DEBUG_INFO = NO;
				MTL_FAST_MATH = YES;
				SDKROOT = iphoneos;
				SWIFT_COMPILATION_MODE = wholemodule;
				SWIFT_OPTIMIZATION_LEVEL = "-O";
				VALIDATE_PRODUCT = YES;
			};
			name = Release;
		};
		84B550AB26D546BA00F90E95 /* Debug */ = {
			isa = XCBuildConfiguration;
			buildSettings = {
				ASSETCATALOG_COMPILER_APPICON_NAME = AppIcon;
				ASSETCATALOG_COMPILER_GLOBAL_ACCENT_COLOR_NAME = AccentColor;
				CODE_SIGN_STYLE = Automatic;
				DEVELOPMENT_TEAM = K4FDR4N6T3;
				INFOPLIST_FILE = StudyCollectionViewsOldWay/Info.plist;
				LD_RUNPATH_SEARCH_PATHS = (
					"$(inherited)",
					"@executable_path/Frameworks",
				);
				PRODUCT_BUNDLE_IDENTIFIER = TrainingInCoding.StudyCollectionViewsOldWay;
				PRODUCT_NAME = "$(TARGET_NAME)";
				SWIFT_VERSION = 5.0;
				TARGETED_DEVICE_FAMILY = "1,2";
			};
			name = Debug;
		};
		84B550AC26D546BA00F90E95 /* Release */ = {
			isa = XCBuildConfiguration;
			buildSettings = {
				ASSETCATALOG_COMPILER_APPICON_NAME = AppIcon;
				ASSETCATALOG_COMPILER_GLOBAL_ACCENT_COLOR_NAME = AccentColor;
				CODE_SIGN_STYLE = Automatic;
				DEVELOPMENT_TEAM = K4FDR4N6T3;
				INFOPLIST_FILE = StudyCollectionViewsOldWay/Info.plist;
				LD_RUNPATH_SEARCH_PATHS = (
					"$(inherited)",
					"@executable_path/Frameworks",
				);
				PRODUCT_BUNDLE_IDENTIFIER = TrainingInCoding.StudyCollectionViewsOldWay;
				PRODUCT_NAME = "$(TARGET_NAME)";
				SWIFT_VERSION = 5.0;
				TARGETED_DEVICE_FAMILY = "1,2";
			};
			name = Release;
		};
/* End XCBuildConfiguration section */

/* Begin XCConfigurationList section */
		84B5509126D5468C00F90E95 /* Build configuration list for PBXProject "StudyCollectionViewsOldWay" */ = {
			isa = XCConfigurationList;
			buildConfigurations = (
				84B550A826D546BA00F90E95 /* Debug */,
				84B550A926D546BA00F90E95 /* Release */,
			);
			defaultConfigurationIsVisible = 0;
			defaultConfigurationName = Release;
		};
		84B550AA26D546BA00F90E95 /* Build configuration list for PBXNativeTarget "StudyCollectionViewsOldWay" */ = {
			isa = XCConfigurationList;
			buildConfigurations = (
				84B550AB26D546BA00F90E95 /* Debug */,
				84B550AC26D546BA00F90E95 /* Release */,
			);
			defaultConfigurationIsVisible = 0;
			defaultConfigurationName = Release;
		};
/* End XCConfigurationList section */
	};
	rootObject = 84B5508E26D5468C00F90E95 /* Project object */;
}
